
Microsoft Visual Studio Solution File, Format Version 12.00
# Visual Studio 15
Project("{FAE04EC0-301F-11D3-BF4B-00C04F79EFBC}") = "Assembly-CSharp-Editor", "Assembly-CSharp-Editor.csproj", "{4FDD486D-131D-CBDC-F139-6F41ADA03AEE}"
EndProject
Project("{FAE04EC0-301F-11D3-BF4B-00C04F79EFBC}") = "Assembly-CSharp", "Assembly-CSharp.csproj", "{2AFC4CDB-5F65-4852-FF20-E3C8F7CDABD2}"
EndProject
Project("{FAE04EC0-301F-11D3-BF4B-00C04F79EFBC}") = "AssetInventory.Editor", "AssetInventory.Editor.csproj", "{CC858DD1-0F96-9C4E-420F-AF107DCF4F6C}"
EndProject
Project("{FAE04EC0-301F-11D3-BF4B-00C04F79EFBC}") = "AssetCleaner", "AssetCleaner.csproj", "{CA79A125-F6D6-78C8-16ED-3EBE2A8E63D7}"
EndProject
Project("{FAE04EC0-301F-11D3-BF4B-00C04F79EFBC}") = "SingularityGroup.HotReload.Editor", "SingularityGroup.HotReload.Editor.csproj", "{80F5556A-C30C-A849-7C5F-5C3948895171}"
EndProject
Project("{FAE04EC0-301F-11D3-BF4B-00C04F79EFBC}") = "JD.EditorAudioUtils.Editor", "JD.EditorAudioUtils.Editor.csproj", "{1830D595-71D2-A287-2F3E-016346A6C452}"
EndProject
Project("{FAE04EC0-301F-11D3-BF4B-00C04F79EFBC}") = "SingularityGroup.HotReload.Runtime.Public", "SingularityGroup.HotReload.Runtime.Public.csproj", "{1B38C5A4-90DC-54BB-9668-8C7A257E1412}"
EndProject
Project("{FAE04EC0-301F-11D3-BF4B-00C04F79EFBC}") = "SingularityGroup.HotReload.Runtime", "SingularityGroup.HotReload.Runtime.csproj", "{4B21AB1B-EFBC-B851-7573-30AD07376BEC}"
EndProject
Project("{FAE04EC0-301F-11D3-BF4B-00C04F79EFBC}") = "AssetInventory.Examples", "AssetInventory.Examples.csproj", "{8785C54D-DF19-0FB8-B37F-5251B41784AE}"
EndProject
Project("{FAE04EC0-301F-11D3-BF4B-00C04F79EFBC}") = "Sirenix.OdinInspector.Modules.UnityMathematics", "Sirenix.OdinInspector.Modules.UnityMathematics.csproj", "{00CD80B9-3469-3AEE-73DB-0E08DE6DD37E}"
EndProject
Project("{FAE04EC0-301F-11D3-BF4B-00C04F79EFBC}") = "CodeStage.Package2Folder", "CodeStage.Package2Folder.csproj", "{F98C5489-0CF2-1F43-4E2F-FBBDEBD570C2}"
EndProject
Project("{FAE04EC0-301F-11D3-BF4B-00C04F79EFBC}") = "Plugins", "Plugins.csproj", "{FA22D948-385A-6790-289A-463704EF5E9F}"
EndProject
Project("{FAE04EC0-301F-11D3-BF4B-00C04F79EFBC}") = "AssetInventory.Examples.Editor", "AssetInventory.Examples.Editor.csproj", "{0CA7C615-5540-062D-9953-21B36D4FF7D2}"
EndProject
Global
	GlobalSection(SolutionConfigurationPlatforms) = preSolution
		Debug|Any CPU = Debug|Any CPU
		Release|Any CPU = Release|Any CPU
	EndGlobalSection
	GlobalSection(ProjectConfigurationPlatforms) = postSolution
		{4FDD486D-131D-CBDC-F139-6F41ADA03AEE}.Debug|Any CPU.ActiveCfg = Debug|Any CPU
		{4FDD486D-131D-CBDC-F139-6F41ADA03AEE}.Debug|Any CPU.Build.0 = Debug|Any CPU
		{4FDD486D-131D-CBDC-F139-6F41ADA03AEE}.Release|Any CPU.ActiveCfg = Release|Any CPU
		{4FDD486D-131D-CBDC-F139-6F41ADA03AEE}.Release|Any CPU.Build.0 = Release|Any CPU
		{2AFC4CDB-5F65-4852-FF20-E3C8F7CDABD2}.Debug|Any CPU.ActiveCfg = Debug|Any CPU
		{2AFC4CDB-5F65-4852-FF20-E3C8F7CDABD2}.Debug|Any CPU.Build.0 = Debug|Any CPU
		{2AFC4CDB-5F65-4852-FF20-E3C8F7CDABD2}.Release|Any CPU.ActiveCfg = Release|Any CPU
		{2AFC4CDB-5F65-4852-FF20-E3C8F7CDABD2}.Release|Any CPU.Build.0 = Release|Any CPU
		{CC858DD1-0F96-9C4E-420F-AF107DCF4F6C}.Debug|Any CPU.ActiveCfg = Debug|Any CPU
		{CC858DD1-0F96-9C4E-420F-AF107DCF4F6C}.Debug|Any CPU.Build.0 = Debug|Any CPU
		{CC858DD1-0F96-9C4E-420F-AF107DCF4F6C}.Release|Any CPU.ActiveCfg = Release|Any CPU
		{CC858DD1-0F96-9C4E-420F-AF107DCF4F6C}.Release|Any CPU.Build.0 = Release|Any CPU
		{CA79A125-F6D6-78C8-16ED-3EBE2A8E63D7}.Debug|Any CPU.ActiveCfg = Debug|Any CPU
		{CA79A125-F6D6-78C8-16ED-3EBE2A8E63D7}.Debug|Any CPU.Build.0 = Debug|Any CPU
		{CA79A125-F6D6-78C8-16ED-3EBE2A8E63D7}.Release|Any CPU.ActiveCfg = Release|Any CPU
		{CA79A125-F6D6-78C8-16ED-3EBE2A8E63D7}.Release|Any CPU.Build.0 = Release|Any CPU
		{80F5556A-C30C-A849-7C5F-5C3948895171}.Debug|Any CPU.ActiveCfg = Debug|Any CPU
		{80F5556A-C30C-A849-7C5F-5C3948895171}.Debug|Any CPU.Build.0 = Debug|Any CPU
		{80F5556A-C30C-A849-7C5F-5C3948895171}.Release|Any CPU.ActiveCfg = Release|Any CPU
		{80F5556A-C30C-A849-7C5F-5C3948895171}.Release|Any CPU.Build.0 = Release|Any CPU
		{1830D595-71D2-A287-2F3E-016346A6C452}.Debug|Any CPU.ActiveCfg = Debug|Any CPU
		{1830D595-71D2-A287-2F3E-016346A6C452}.Debug|Any CPU.Build.0 = Debug|Any CPU
		{1830D595-71D2-A287-2F3E-016346A6C452}.Release|Any CPU.ActiveCfg = Release|Any CPU
		{1830D595-71D2-A287-2F3E-016346A6C452}.Release|Any CPU.Build.0 = Release|Any CPU
		{1B38C5A4-90DC-54BB-9668-8C7A257E1412}.Debug|Any CPU.ActiveCfg = Debug|Any CPU
		{1B38C5A4-90DC-54BB-9668-8C7A257E1412}.Debug|Any CPU.Build.0 = Debug|Any CPU
		{1B38C5A4-90DC-54BB-9668-8C7A257E1412}.Release|Any CPU.ActiveCfg = Release|Any CPU
		{1B38C5A4-90DC-54BB-9668-8C7A257E1412}.Release|Any CPU.Build.0 = Release|Any CPU
		{4B21AB1B-EFBC-B851-7573-30AD07376BEC}.Debug|Any CPU.ActiveCfg = Debug|Any CPU
		{4B21AB1B-EFBC-B851-7573-30AD07376BEC}.Debug|Any CPU.Build.0 = Debug|Any CPU
		{4B21AB1B-EFBC-B851-7573-30AD07376BEC}.Release|Any CPU.ActiveCfg = Release|Any CPU
		{4B21AB1B-EFBC-B851-7573-30AD07376BEC}.Release|Any CPU.Build.0 = Release|Any CPU
		{8785C54D-DF19-0FB8-B37F-5251B41784AE}.Debug|Any CPU.ActiveCfg = Debug|Any CPU
		{8785C54D-DF19-0FB8-B37F-5251B41784AE}.Debug|Any CPU.Build.0 = Debug|Any CPU
		{8785C54D-DF19-0FB8-B37F-5251B41784AE}.Release|Any CPU.ActiveCfg = Release|Any CPU
		{8785C54D-DF19-0FB8-B37F-5251B41784AE}.Release|Any CPU.Build.0 = Release|Any CPU
		{00CD80B9-3469-3AEE-73DB-0E08DE6DD37E}.Debug|Any CPU.ActiveCfg = Debug|Any CPU
		{00CD80B9-3469-3AEE-73DB-0E08DE6DD37E}.Debug|Any CPU.Build.0 = Debug|Any CPU
		{00CD80B9-3469-3AEE-73DB-0E08DE6DD37E}.Release|Any CPU.ActiveCfg = Release|Any CPU
		{00CD80B9-3469-3AEE-73DB-0E08DE6DD37E}.Release|Any CPU.Build.0 = Release|Any CPU
		{F98C5489-0CF2-1F43-4E2F-FBBDEBD570C2}.Debug|Any CPU.ActiveCfg = Debug|Any CPU
		{F98C5489-0CF2-1F43-4E2F-FBBDEBD570C2}.Debug|Any CPU.Build.0 = Debug|Any CPU
		{F98C5489-0CF2-1F43-4E2F-FBBDEBD570C2}.Release|Any CPU.ActiveCfg = Release|Any CPU
		{F98C5489-0CF2-1F43-4E2F-FBBDEBD570C2}.Release|Any CPU.Build.0 = Release|Any CPU
		{FA22D948-385A-6790-289A-463704EF5E9F}.Debug|Any CPU.ActiveCfg = Debug|Any CPU
		{FA22D948-385A-6790-289A-463704EF5E9F}.Debug|Any CPU.Build.0 = Debug|Any CPU
		{FA22D948-385A-6790-289A-463704EF5E9F}.Release|Any CPU.ActiveCfg = Release|Any CPU
		{FA22D948-385A-6790-289A-463704EF5E9F}.Release|Any CPU.Build.0 = Release|Any CPU
		{0CA7C615-5540-062D-9953-21B36D4FF7D2}.Debug|Any CPU.ActiveCfg = Debug|Any CPU
		{0CA7C615-5540-062D-9953-21B36D4FF7D2}.Debug|Any CPU.Build.0 = Debug|Any CPU
		{0CA7C615-5540-062D-9953-21B36D4FF7D2}.Release|Any CPU.ActiveCfg = Release|Any CPU
		{0CA7C615-5540-062D-9953-21B36D4FF7D2}.Release|Any CPU.Build.0 = Release|Any CPU
	EndGlobalSection
	GlobalSection(SolutionProperties) = preSolution
		HideSolutionNode = FALSE
	EndGlobalSection
EndGlobal
